// !$*UTF8*$!
{
	archiveVersion = 1;
	classes = {
	};
	objectVersion = 56;
	objects = {

/* Begin PBXBuildFile section */
		AC33C6BC2E6171ED00CBCBA4 /* BindingDemoView.swift in Sources */ = {isa = PBXBuildFile; fileRef = AC33C6BB2E6171ED00CBCBA4 /* BindingDemoView.swift */; };
		AC33C6BD2E6171ED00CBCBA4 /* BindingDemoView.swift in Sources */ = {isa = PBXBuildFile; fileRef = AC33C6BB2E6171ED00CBCBA4 /* BindingDemoView.swift */; };
		AC33C6BE2E6171ED00CBCBA4 /* BindingDemoView.swift in Sources */ = {isa = PBXBuildFile; fileRef = AC33C6BB2E6171ED00CBCBA4 /* BindingDemoView.swift */; };
		AC33C6C02E61762500CBCBA4 /* ObservedObjectDemoView.swift in Sources */ = {isa = PBXBuildFile; fileRef = AC33C6BF2E61762500CBCBA4 /* ObservedObjectDemoView.swift */; };
		AC33C6C12E61762500CBCBA4 /* ObservedObjectDemoView.swift in Sources */ = {isa = PBXBuildFile; fileRef = AC33C6BF2E61762500CBCBA4 /* ObservedObjectDemoView.swift */; };
		AC33C6C22E61762500CBCBA4 /* ObservedObjectDemoView.swift in Sources */ = {isa = PBXBuildFile; fileRef = AC33C6BF2E61762500CBCBA4 /* ObservedObjectDemoView.swift */; };
		ACDE45712E6029D400E5E997 /* StateDemoView.swift in Sources */ = {isa = PBXBuildFile; fileRef = ACDE45702E6029D400E5E997 /* StateDemoView.swift */; };
		ACDE45722E6029D400E5E997 /* StateDemoView.swift in Sources */ = {isa = PBXBuildFile; fileRef = ACDE45702E6029D400E5E997 /* StateDemoView.swift */; };
		ACDE45732E6029D400E5E997 /* StateDemoView.swift in Sources */ = {isa = PBXBuildFile; fileRef = ACDE45702E6029D400E5E997 /* StateDemoView.swift */; };
		ACDE45752E6030F800E5E997 /* StateDemoViewTests.swift in Sources */ = {isa = PBXBuildFile; fileRef = ACDE45742E6030F800E5E997 /* StateDemoViewTests.swift */; };
		ACDE45782E60321C00E5E997 /* ViewInspector in Frameworks */ = {isa = PBXBuildFile; productRef = ACDE45772E60321C00E5E997 /* ViewInspector */; };
		ACF299722C19939400DCFF27 /* SwiftUI_CombineApp.swift in Sources */ = {isa = PBXBuildFile; fileRef = ACF299712C19939400DCFF27 /* SwiftUI_CombineApp.swift */; };
		ACF299742C19939400DCFF27 /* ContentView.swift in Sources */ = {isa = PBXBuildFile; fileRef = ACF299732C19939400DCFF27 /* ContentView.swift */; };
		ACF299762C19939500DCFF27 /* Assets.xcassets in Resources */ = {isa = PBXBuildFile; fileRef = ACF299752C19939500DCFF27 /* Assets.xcassets */; };
		ACF299792C19939500DCFF27 /* Preview Assets.xcassets in Resources */ = {isa = PBXBuildFile; fileRef = ACF299782C19939500DCFF27 /* Preview Assets.xcassets */; };
		ACF299832C19939500DCFF27 /* SwiftUI_CombineTests.swift in Sources */ = {isa = PBXBuildFile; fileRef = ACF299822C19939500DCFF27 /* SwiftUI_CombineTests.swift */; };
		ACF2998D2C19939500DCFF27 /* SwiftUI_CombineUITests.swift in Sources */ = {isa = PBXBuildFile; fileRef = ACF2998C2C19939500DCFF27 /* SwiftUI_CombineUITests.swift */; };
		ACF2998F2C19939500DCFF27 /* SwiftUI_CombineUITestsLaunchTests.swift in Sources */ = {isa = PBXBuildFile; fileRef = ACF2998E2C19939500DCFF27 /* SwiftUI_CombineUITestsLaunchTests.swift */; };
		ACF299A02C1AC12C00DCFF27 /* PublisherView.swift in Sources */ = {isa = PBXBuildFile; fileRef = ACF2999F2C1AC12C00DCFF27 /* PublisherView.swift */; };
		ACF299A12C1AC12C00DCFF27 /* PublisherView.swift in Sources */ = {isa = PBXBuildFile; fileRef = ACF2999F2C1AC12C00DCFF27 /* PublisherView.swift */; };
		ACF299A22C1AC12C00DCFF27 /* PublisherView.swift in Sources */ = {isa = PBXBuildFile; fileRef = ACF2999F2C1AC12C00DCFF27 /* PublisherView.swift */; };
		ACF299A42C1ACB1100DCFF27 /* PublisherViewModel.swift in Sources */ = {isa = PBXBuildFile; fileRef = ACF299A32C1ACB1100DCFF27 /* PublisherViewModel.swift */; };
		ACF299A52C1ACB1100DCFF27 /* PublisherViewModel.swift in Sources */ = {isa = PBXBuildFile; fileRef = ACF299A32C1ACB1100DCFF27 /* PublisherViewModel.swift */; };
		ACF299A62C1ACB1100DCFF27 /* PublisherViewModel.swift in Sources */ = {isa = PBXBuildFile; fileRef = ACF299A32C1ACB1100DCFF27 /* PublisherViewModel.swift */; };
		ACF299A92C1ACB4400DCFF27 /* ViewModel.swift in Sources */ = {isa = PBXBuildFile; fileRef = ACF299A82C1ACB4400DCFF27 /* ViewModel.swift */; };
		ACF299AA2C1ACB4400DCFF27 /* ViewModel.swift in Sources */ = {isa = PBXBuildFile; fileRef = ACF299A82C1ACB4400DCFF27 /* ViewModel.swift */; };
		ACF299AB2C1ACB4400DCFF27 /* ViewModel.swift in Sources */ = {isa = PBXBuildFile; fileRef = ACF299A82C1ACB4400DCFF27 /* ViewModel.swift */; };
		ACF3A2532E652777005CA854 /* StateObjectDemoView.swift in Sources */ = {isa = PBXBuildFile; fileRef = ACF3A2522E652777005CA854 /* StateObjectDemoView.swift */; };
		ACF3A2542E652777005CA854 /* StateObjectDemoView.swift in Sources */ = {isa = PBXBuildFile; fileRef = ACF3A2522E652777005CA854 /* StateObjectDemoView.swift */; };
		ACF3A2552E652777005CA854 /* StateObjectDemoView.swift in Sources */ = {isa = PBXBuildFile; fileRef = ACF3A2522E652777005CA854 /* StateObjectDemoView.swift */; };
		ACF3A2572E653051005CA854 /* EnvironmentObjectDemoRoot.swift in Sources */ = {isa = PBXBuildFile; fileRef = ACF3A2562E653051005CA854 /* EnvironmentObjectDemoRoot.swift */; };
		ACF3A2582E653051005CA854 /* EnvironmentObjectDemoRoot.swift in Sources */ = {isa = PBXBuildFile; fileRef = ACF3A2562E653051005CA854 /* EnvironmentObjectDemoRoot.swift */; };
		ACF3A2592E653051005CA854 /* EnvironmentObjectDemoRoot.swift in Sources */ = {isa = PBXBuildFile; fileRef = ACF3A2562E653051005CA854 /* EnvironmentObjectDemoRoot.swift */; };
		ACF3A25B2E655688005CA854 /* EnvironmentValueDemoView.swift in Sources */ = {isa = PBXBuildFile; fileRef = ACF3A25A2E655688005CA854 /* EnvironmentValueDemoView.swift */; };
		ACF3A25C2E655688005CA854 /* EnvironmentValueDemoView.swift in Sources */ = {isa = PBXBuildFile; fileRef = ACF3A25A2E655688005CA854 /* EnvironmentValueDemoView.swift */; };
		ACF3A25D2E655688005CA854 /* EnvironmentValueDemoView.swift in Sources */ = {isa = PBXBuildFile; fileRef = ACF3A25A2E655688005CA854 /* EnvironmentValueDemoView.swift */; };
		ACF3A25F2E656BCF005CA854 /* AppStorageDemoView.swift in Sources */ = {isa = PBXBuildFile; fileRef = ACF3A25E2E656BCF005CA854 /* AppStorageDemoView.swift */; };
		ACF3A2602E656BCF005CA854 /* AppStorageDemoView.swift in Sources */ = {isa = PBXBuildFile; fileRef = ACF3A25E2E656BCF005CA854 /* AppStorageDemoView.swift */; };
		ACF3A2612E656BCF005CA854 /* AppStorageDemoView.swift in Sources */ = {isa = PBXBuildFile; fileRef = ACF3A25E2E656BCF005CA854 /* AppStorageDemoView.swift */; };
		ACF3A2632E657238005CA854 /* SceneStorageDemoView.swift in Sources */ = {isa = PBXBuildFile; fileRef = ACF3A2622E657238005CA854 /* SceneStorageDemoView.swift */; };
		ACF3A2642E657238005CA854 /* SceneStorageDemoView.swift in Sources */ = {isa = PBXBuildFile; fileRef = ACF3A2622E657238005CA854 /* SceneStorageDemoView.swift */; };
		ACF3A2652E657238005CA854 /* SceneStorageDemoView.swift in Sources */ = {isa = PBXBuildFile; fileRef = ACF3A2622E657238005CA854 /* SceneStorageDemoView.swift */; };
		ACF3A2672E65796E005CA854 /* GestureStateDemoView.swift in Sources */ = {isa = PBXBuildFile; fileRef = ACF3A2662E65796E005CA854 /* GestureStateDemoView.swift */; };
		ACF3A2682E65796E005CA854 /* GestureStateDemoView.swift in Sources */ = {isa = PBXBuildFile; fileRef = ACF3A2662E65796E005CA854 /* GestureStateDemoView.swift */; };
		ACF3A2692E65796E005CA854 /* GestureStateDemoView.swift in Sources */ = {isa = PBXBuildFile; fileRef = ACF3A2662E65796E005CA854 /* GestureStateDemoView.swift */; };
		ACF3A26B2E658897005CA854 /* FocusStateDemoView.swift in Sources */ = {isa = PBXBuildFile; fileRef = ACF3A26A2E658897005CA854 /* FocusStateDemoView.swift */; };
		ACF3A26C2E658897005CA854 /* FocusStateDemoView.swift in Sources */ = {isa = PBXBuildFile; fileRef = ACF3A26A2E658897005CA854 /* FocusStateDemoView.swift */; };
		ACF3A26D2E658897005CA854 /* FocusStateDemoView.swift in Sources */ = {isa = PBXBuildFile; fileRef = ACF3A26A2E658897005CA854 /* FocusStateDemoView.swift */; };
		ACF3A26F2E658E01005CA854 /* ScaledMetricDemoView.swift in Sources */ = {isa = PBXBuildFile; fileRef = ACF3A26E2E658E01005CA854 /* ScaledMetricDemoView.swift */; };
		ACF3A2702E658E01005CA854 /* ScaledMetricDemoView.swift in Sources */ = {isa = PBXBuildFile; fileRef = ACF3A26E2E658E01005CA854 /* ScaledMetricDemoView.swift */; };
		ACF3A2712E658E01005CA854 /* ScaledMetricDemoView.swift in Sources */ = {isa = PBXBuildFile; fileRef = ACF3A26E2E658E01005CA854 /* ScaledMetricDemoView.swift */; };
		ACF3A2732E65907B005CA854 /* NamespaceDemoView.swift in Sources */ = {isa = PBXBuildFile; fileRef = ACF3A2722E65907B005CA854 /* NamespaceDemoView.swift */; };
		ACF3A2742E65907B005CA854 /* NamespaceDemoView.swift in Sources */ = {isa = PBXBuildFile; fileRef = ACF3A2722E65907B005CA854 /* NamespaceDemoView.swift */; };
		ACF3A2752E65907B005CA854 /* NamespaceDemoView.swift in Sources */ = {isa = PBXBuildFile; fileRef = ACF3A2722E65907B005CA854 /* NamespaceDemoView.swift */; };
		ACF3A2772E65930A005CA854 /* MainActorDemoView.swift in Sources */ = {isa = PBXBuildFile; fileRef = ACF3A2762E65930A005CA854 /* MainActorDemoView.swift */; };
		ACF3A2782E65930A005CA854 /* MainActorDemoView.swift in Sources */ = {isa = PBXBuildFile; fileRef = ACF3A2762E65930A005CA854 /* MainActorDemoView.swift */; };
		ACF3A2792E65930A005CA854 /* MainActorDemoView.swift in Sources */ = {isa = PBXBuildFile; fileRef = ACF3A2762E65930A005CA854 /* MainActorDemoView.swift */; };
		ACF3A27B2E666DB5005CA854 /* ObservableDemoView.swift in Sources */ = {isa = PBXBuildFile; fileRef = ACF3A27A2E666DB5005CA854 /* ObservableDemoView.swift */; };
		ACF3A27C2E666DB5005CA854 /* ObservableDemoView.swift in Sources */ = {isa = PBXBuildFile; fileRef = ACF3A27A2E666DB5005CA854 /* ObservableDemoView.swift */; };
		ACF3A27D2E666DB5005CA854 /* ObservableDemoView.swift in Sources */ = {isa = PBXBuildFile; fileRef = ACF3A27A2E666DB5005CA854 /* ObservableDemoView.swift */; };
		ACF3A27F2E667126005CA854 /* BindableDemoView.swift in Sources */ = {isa = PBXBuildFile; fileRef = ACF3A27E2E667126005CA854 /* BindableDemoView.swift */; };
		ACF3A2802E667126005CA854 /* BindableDemoView.swift in Sources */ = {isa = PBXBuildFile; fileRef = ACF3A27E2E667126005CA854 /* BindableDemoView.swift */; };
		ACF3A2812E667126005CA854 /* BindableDemoView.swift in Sources */ = {isa = PBXBuildFile; fileRef = ACF3A27E2E667126005CA854 /* BindableDemoView.swift */; };
		ACF3A2832E6674C0005CA854 /* ViewBuilderDemoView.swift in Sources */ = {isa = PBXBuildFile; fileRef = ACF3A2822E6674C0005CA854 /* ViewBuilderDemoView.swift */; };
		ACF3A2842E6674C0005CA854 /* ViewBuilderDemoView.swift in Sources */ = {isa = PBXBuildFile; fileRef = ACF3A2822E6674C0005CA854 /* ViewBuilderDemoView.swift */; };
		ACF3A2852E6674C0005CA854 /* ViewBuilderDemoView.swift in Sources */ = {isa = PBXBuildFile; fileRef = ACF3A2822E6674C0005CA854 /* ViewBuilderDemoView.swift */; };
		ACF3A2872E667E79005CA854 /* ToolbarBuilderDemoView.swift in Sources */ = {isa = PBXBuildFile; fileRef = ACF3A2862E667E79005CA854 /* ToolbarBuilderDemoView.swift */; };
		ACF3A2882E667E79005CA854 /* ToolbarBuilderDemoView.swift in Sources */ = {isa = PBXBuildFile; fileRef = ACF3A2862E667E79005CA854 /* ToolbarBuilderDemoView.swift */; };
		ACF3A2892E667E79005CA854 /* ToolbarBuilderDemoView.swift in Sources */ = {isa = PBXBuildFile; fileRef = ACF3A2862E667E79005CA854 /* ToolbarBuilderDemoView.swift */; };
		ACF3A28F2E668EA6005CA854 /* SwiftDataView.swift in Sources */ = {isa = PBXBuildFile; fileRef = ACF3A28E2E668EA6005CA854 /* SwiftDataView.swift */; };
		ACF3A2902E668EA6005CA854 /* SwiftDataView.swift in Sources */ = {isa = PBXBuildFile; fileRef = ACF3A28E2E668EA6005CA854 /* SwiftDataView.swift */; };
		ACF3A2912E668EA6005CA854 /* SwiftDataView.swift in Sources */ = {isa = PBXBuildFile; fileRef = ACF3A28E2E668EA6005CA854 /* SwiftDataView.swift */; };
		ACF3A2952E66A867005CA854 /* AppDelegate.swift in Sources */ = {isa = PBXBuildFile; fileRef = ACF3A2942E66A867005CA854 /* AppDelegate.swift */; };
		ACF3A2982E66B8E4005CA854 /* CLAUDE.md in Resources */ = {isa = PBXBuildFile; fileRef = ACF3A2962E66B8E4005CA854 /* CLAUDE.md */; };
		ACF3A2992E66B8E4005CA854 /* README.md in Resources */ = {isa = PBXBuildFile; fileRef = ACF3A2972E66B8E4005CA854 /* README.md */; };
		ACF3A29D2E66E81C005CA854 /* TextDemoView.swift in Sources */ = {isa = PBXBuildFile; fileRef = ACF3A29C2E66E81C005CA854 /* TextDemoView.swift */; };
		ACF3A29E2E66E81C005CA854 /* TextDemoView.swift in Sources */ = {isa = PBXBuildFile; fileRef = ACF3A29C2E66E81C005CA854 /* TextDemoView.swift */; };
		ACF3A29F2E66E81C005CA854 /* TextDemoView.swift in Sources */ = {isa = PBXBuildFile; fileRef = ACF3A29C2E66E81C005CA854 /* TextDemoView.swift */; };
		ACF3A2A12E680C5D005CA854 /* ButtonDemoView.swift in Sources */ = {isa = PBXBuildFile; fileRef = ACF3A2A02E680C5D005CA854 /* ButtonDemoView.swift */; };
		ACF3A2A22E680C5D005CA854 /* ButtonDemoView.swift in Sources */ = {isa = PBXBuildFile; fileRef = ACF3A2A02E680C5D005CA854 /* ButtonDemoView.swift */; };
		ACF3A2A32E680C5D005CA854 /* ButtonDemoView.swift in Sources */ = {isa = PBXBuildFile; fileRef = ACF3A2A02E680C5D005CA854 /* ButtonDemoView.swift */; };
		ACF3A2A52E681EDB005CA854 /* EditButtonDemoView.swift in Sources */ = {isa = PBXBuildFile; fileRef = ACF3A2A42E681EDB005CA854 /* EditButtonDemoView.swift */; };
		ACF3A2A62E681EDB005CA854 /* EditButtonDemoView.swift in Sources */ = {isa = PBXBuildFile; fileRef = ACF3A2A42E681EDB005CA854 /* EditButtonDemoView.swift */; };
		ACF3A2A72E681EDB005CA854 /* EditButtonDemoView.swift in Sources */ = {isa = PBXBuildFile; fileRef = ACF3A2A42E681EDB005CA854 /* EditButtonDemoView.swift */; };
		ACF3A2A92E6821DD005CA854 /* DisclosureGroupDemoView.swift in Sources */ = {isa = PBXBuildFile; fileRef = ACF3A2A82E6821DD005CA854 /* DisclosureGroupDemoView.swift */; };
		ACF3A2AA2E6821DD005CA854 /* DisclosureGroupDemoView.swift in Sources */ = {isa = PBXBuildFile; fileRef = ACF3A2A82E6821DD005CA854 /* DisclosureGroupDemoView.swift */; };
		ACF3A2AB2E6821DD005CA854 /* DisclosureGroupDemoView.swift in Sources */ = {isa = PBXBuildFile; fileRef = ACF3A2A82E6821DD005CA854 /* DisclosureGroupDemoView.swift */; };
/* End PBXBuildFile section */

/* Begin PBXContainerItemProxy section */
		ACF2997F2C19939500DCFF27 /* PBXContainerItemProxy */ = {
			isa = PBXContainerItemProxy;
			containerPortal = ACF299662C19939400DCFF27 /* Project object */;
			proxyType = 1;
			remoteGlobalIDString = ACF2996D2C19939400DCFF27;
			remoteInfo = "SwiftUI-Combine";
		};
		ACF299892C19939500DCFF27 /* PBXContainerItemProxy */ = {
			isa = PBXContainerItemProxy;
			containerPortal = ACF299662C19939400DCFF27 /* Project object */;
			proxyType = 1;
			remoteGlobalIDString = ACF2996D2C19939400DCFF27;
			remoteInfo = "SwiftUI-Combine";
		};
/* End PBXContainerItemProxy section */

/* Begin PBXFileReference section */
		AC33C6BB2E6171ED00CBCBA4 /* BindingDemoView.swift */ = {isa = PBXFileReference; lastKnownFileType = sourcecode.swift; path = BindingDemoView.swift; sourceTree = "<group>"; };
		AC33C6BF2E61762500CBCBA4 /* ObservedObjectDemoView.swift */ = {isa = PBXFileReference; lastKnownFileType = sourcecode.swift; path = ObservedObjectDemoView.swift; sourceTree = "<group>"; };
		ACDE45702E6029D400E5E997 /* StateDemoView.swift */ = {isa = PBXFileReference; lastKnownFileType = sourcecode.swift; path = StateDemoView.swift; sourceTree = "<group>"; };
		ACDE45742E6030F800E5E997 /* StateDemoViewTests.swift */ = {isa = PBXFileReference; lastKnownFileType = sourcecode.swift; path = StateDemoViewTests.swift; sourceTree = "<group>"; };
		ACF2996E2C19939400DCFF27 /* SwiftUI-Combine.app */ = {isa = PBXFileReference; explicitFileType = wrapper.application; includeInIndex = 0; path = "SwiftUI-Combine.app"; sourceTree = BUILT_PRODUCTS_DIR; };
		ACF299712C19939400DCFF27 /* SwiftUI_CombineApp.swift */ = {isa = PBXFileReference; lastKnownFileType = sourcecode.swift; path = SwiftUI_CombineApp.swift; sourceTree = "<group>"; };
		ACF299732C19939400DCFF27 /* ContentView.swift */ = {isa = PBXFileReference; lastKnownFileType = sourcecode.swift; path = ContentView.swift; sourceTree = "<group>"; };
		ACF299752C19939500DCFF27 /* Assets.xcassets */ = {isa = PBXFileReference; lastKnownFileType = folder.assetcatalog; path = Assets.xcassets; sourceTree = "<group>"; };
		ACF299782C19939500DCFF27 /* Preview Assets.xcassets */ = {isa = PBXFileReference; lastKnownFileType = folder.assetcatalog; path = "Preview Assets.xcassets"; sourceTree = "<group>"; };
		ACF2997E2C19939500DCFF27 /* SwiftUI-CombineTests.xctest */ = {isa = PBXFileReference; explicitFileType = wrapper.cfbundle; includeInIndex = 0; path = "SwiftUI-CombineTests.xctest"; sourceTree = BUILT_PRODUCTS_DIR; };
		ACF299822C19939500DCFF27 /* SwiftUI_CombineTests.swift */ = {isa = PBXFileReference; lastKnownFileType = sourcecode.swift; path = SwiftUI_CombineTests.swift; sourceTree = "<group>"; };
		ACF299882C19939500DCFF27 /* SwiftUI-CombineUITests.xctest */ = {isa = PBXFileReference; explicitFileType = wrapper.cfbundle; includeInIndex = 0; path = "SwiftUI-CombineUITests.xctest"; sourceTree = BUILT_PRODUCTS_DIR; };
		ACF2998C2C19939500DCFF27 /* SwiftUI_CombineUITests.swift */ = {isa = PBXFileReference; lastKnownFileType = sourcecode.swift; path = SwiftUI_CombineUITests.swift; sourceTree = "<group>"; };
		ACF2998E2C19939500DCFF27 /* SwiftUI_CombineUITestsLaunchTests.swift */ = {isa = PBXFileReference; lastKnownFileType = sourcecode.swift; path = SwiftUI_CombineUITestsLaunchTests.swift; sourceTree = "<group>"; };
		ACF2999F2C1AC12C00DCFF27 /* PublisherView.swift */ = {isa = PBXFileReference; lastKnownFileType = sourcecode.swift; path = PublisherView.swift; sourceTree = "<group>"; };
		ACF299A32C1ACB1100DCFF27 /* PublisherViewModel.swift */ = {isa = PBXFileReference; lastKnownFileType = sourcecode.swift; path = PublisherViewModel.swift; sourceTree = "<group>"; };
		ACF299A82C1ACB4400DCFF27 /* ViewModel.swift */ = {isa = PBXFileReference; lastKnownFileType = sourcecode.swift; path = ViewModel.swift; sourceTree = "<group>"; };
		ACF3A2522E652777005CA854 /* StateObjectDemoView.swift */ = {isa = PBXFileReference; lastKnownFileType = sourcecode.swift; path = StateObjectDemoView.swift; sourceTree = "<group>"; };
		ACF3A2562E653051005CA854 /* EnvironmentObjectDemoRoot.swift */ = {isa = PBXFileReference; lastKnownFileType = sourcecode.swift; path = EnvironmentObjectDemoRoot.swift; sourceTree = "<group>"; };
		ACF3A25A2E655688005CA854 /* EnvironmentValueDemoView.swift */ = {isa = PBXFileReference; lastKnownFileType = sourcecode.swift; path = EnvironmentValueDemoView.swift; sourceTree = "<group>"; };
		ACF3A25E2E656BCF005CA854 /* AppStorageDemoView.swift */ = {isa = PBXFileReference; lastKnownFileType = sourcecode.swift; path = AppStorageDemoView.swift; sourceTree = "<group>"; };
		ACF3A2622E657238005CA854 /* SceneStorageDemoView.swift */ = {isa = PBXFileReference; lastKnownFileType = sourcecode.swift; path = SceneStorageDemoView.swift; sourceTree = "<group>"; };
		ACF3A2662E65796E005CA854 /* GestureStateDemoView.swift */ = {isa = PBXFileReference; lastKnownFileType = sourcecode.swift; path = GestureStateDemoView.swift; sourceTree = "<group>"; };
		ACF3A26A2E658897005CA854 /* FocusStateDemoView.swift */ = {isa = PBXFileReference; lastKnownFileType = sourcecode.swift; path = FocusStateDemoView.swift; sourceTree = "<group>"; };
		ACF3A26E2E658E01005CA854 /* ScaledMetricDemoView.swift */ = {isa = PBXFileReference; lastKnownFileType = sourcecode.swift; path = ScaledMetricDemoView.swift; sourceTree = "<group>"; };
		ACF3A2722E65907B005CA854 /* NamespaceDemoView.swift */ = {isa = PBXFileReference; lastKnownFileType = sourcecode.swift; path = NamespaceDemoView.swift; sourceTree = "<group>"; };
		ACF3A2762E65930A005CA854 /* MainActorDemoView.swift */ = {isa = PBXFileReference; lastKnownFileType = sourcecode.swift; path = MainActorDemoView.swift; sourceTree = "<group>"; };
		ACF3A27A2E666DB5005CA854 /* ObservableDemoView.swift */ = {isa = PBXFileReference; lastKnownFileType = sourcecode.swift; path = ObservableDemoView.swift; sourceTree = "<group>"; };
		ACF3A27E2E667126005CA854 /* BindableDemoView.swift */ = {isa = PBXFileReference; lastKnownFileType = sourcecode.swift; path = BindableDemoView.swift; sourceTree = "<group>"; };
		ACF3A2822E6674C0005CA854 /* ViewBuilderDemoView.swift */ = {isa = PBXFileReference; lastKnownFileType = sourcecode.swift; path = ViewBuilderDemoView.swift; sourceTree = "<group>"; };
		ACF3A2862E667E79005CA854 /* ToolbarBuilderDemoView.swift */ = {isa = PBXFileReference; lastKnownFileType = sourcecode.swift; path = ToolbarBuilderDemoView.swift; sourceTree = "<group>"; };
		ACF3A28E2E668EA6005CA854 /* SwiftDataView.swift */ = {isa = PBXFileReference; lastKnownFileType = sourcecode.swift; path = SwiftDataView.swift; sourceTree = "<group>"; };
		ACF3A2942E66A867005CA854 /* AppDelegate.swift */ = {isa = PBXFileReference; lastKnownFileType = sourcecode.swift; path = AppDelegate.swift; sourceTree = "<group>"; };
		ACF3A2962E66B8E4005CA854 /* CLAUDE.md */ = {isa = PBXFileReference; lastKnownFileType = net.daringfireball.markdown; path = CLAUDE.md; sourceTree = "<group>"; };
		ACF3A2972E66B8E4005CA854 /* README.md */ = {isa = PBXFileReference; lastKnownFileType = net.daringfireball.markdown; path = README.md; sourceTree = "<group>"; };
		ACF3A29C2E66E81C005CA854 /* TextDemoView.swift */ = {isa = PBXFileReference; lastKnownFileType = sourcecode.swift; path = TextDemoView.swift; sourceTree = "<group>"; };
		ACF3A2A02E680C5D005CA854 /* ButtonDemoView.swift */ = {isa = PBXFileReference; lastKnownFileType = sourcecode.swift; path = ButtonDemoView.swift; sourceTree = "<group>"; };
		ACF3A2A42E681EDB005CA854 /* EditButtonDemoView.swift */ = {isa = PBXFileReference; lastKnownFileType = sourcecode.swift; path = EditButtonDemoView.swift; sourceTree = "<group>"; };
		ACF3A2A82E6821DD005CA854 /* DisclosureGroupDemoView.swift */ = {isa = PBXFileReference; lastKnownFileType = sourcecode.swift; path = DisclosureGroupDemoView.swift; sourceTree = "<group>"; };
/* End PBXFileReference section */

/* Begin PBXFrameworksBuildPhase section */
		ACF2996B2C19939400DCFF27 /* Frameworks */ = {
			isa = PBXFrameworksBuildPhase;
			buildActionMask = 2147483647;
			files = (
			);
			runOnlyForDeploymentPostprocessing = 0;
		};
		ACF2997B2C19939500DCFF27 /* Frameworks */ = {
			isa = PBXFrameworksBuildPhase;
			buildActionMask = 2147483647;
			files = (
				ACDE45782E60321C00E5E997 /* ViewInspector in Frameworks */,
			);
			runOnlyForDeploymentPostprocessing = 0;
		};
		ACF299852C19939500DCFF27 /* Frameworks */ = {
			isa = PBXFrameworksBuildPhase;
			buildActionMask = 2147483647;
			files = (
			);
			runOnlyForDeploymentPostprocessing = 0;
		};
/* End PBXFrameworksBuildPhase section */

/* Begin PBXGroup section */
		ACDE456F2E6029C800E5E997 /* Annotation */ = {
			isa = PBXGroup;
			children = (
				ACDE45702E6029D400E5E997 /* StateDemoView.swift */,
				AC33C6BB2E6171ED00CBCBA4 /* BindingDemoView.swift */,
				AC33C6BF2E61762500CBCBA4 /* ObservedObjectDemoView.swift */,
				ACF3A2522E652777005CA854 /* StateObjectDemoView.swift */,
				ACF3A2562E653051005CA854 /* EnvironmentObjectDemoRoot.swift */,
				ACF3A25A2E655688005CA854 /* EnvironmentValueDemoView.swift */,
				ACF3A25E2E656BCF005CA854 /* AppStorageDemoView.swift */,
				ACF3A2622E657238005CA854 /* SceneStorageDemoView.swift */,
				ACF3A2662E65796E005CA854 /* GestureStateDemoView.swift */,
				ACF3A26A2E658897005CA854 /* FocusStateDemoView.swift */,
				ACF3A26E2E658E01005CA854 /* ScaledMetricDemoView.swift */,
				ACF3A2722E65907B005CA854 /* NamespaceDemoView.swift */,
				ACF3A2762E65930A005CA854 /* MainActorDemoView.swift */,
				ACF3A27A2E666DB5005CA854 /* ObservableDemoView.swift */,
				ACF3A27E2E667126005CA854 /* BindableDemoView.swift */,
				ACF3A2822E6674C0005CA854 /* ViewBuilderDemoView.swift */,
				ACF3A2862E667E79005CA854 /* ToolbarBuilderDemoView.swift */,
				ACF3A28E2E668EA6005CA854 /* SwiftDataView.swift */,
			);
			path = Annotation;
			sourceTree = "<group>";
		};
		ACF299652C19939400DCFF27 = {
			isa = PBXGroup;
			children = (
				ACF3A2962E66B8E4005CA854 /* CLAUDE.md */,
				ACF3A2972E66B8E4005CA854 /* README.md */,
				ACF299702C19939400DCFF27 /* SwiftUI-Combine */,
				ACF299812C19939500DCFF27 /* SwiftUI-CombineTests */,
				ACF2998B2C19939500DCFF27 /* SwiftUI-CombineUITests */,
				ACF2996F2C19939400DCFF27 /* Products */,
			);
			sourceTree = "<group>";
		};
		ACF2996F2C19939400DCFF27 /* Products */ = {
			isa = PBXGroup;
			children = (
				ACF2996E2C19939400DCFF27 /* SwiftUI-Combine.app */,
				ACF2997E2C19939500DCFF27 /* SwiftUI-CombineTests.xctest */,
				ACF299882C19939500DCFF27 /* SwiftUI-CombineUITests.xctest */,
			);
			name = Products;
			sourceTree = "<group>";
		};
		ACF299702C19939400DCFF27 /* SwiftUI-Combine */ = {
			isa = PBXGroup;
			children = (
				ACF2999D2C1ABFE800DCFF27 /* Resources */,
				ACF2999C2C1ABFE400DCFF27 /* App */,
				ACF2999B2C1ABFDE00DCFF27 /* View */,
				ACF2999E2C1ABFF500DCFF27 /* ViewModel */,
				ACF299A72C1ACB3800DCFF27 /* Protocol */,
				ACF299772C19939500DCFF27 /* Preview Content */,
			);
			path = "SwiftUI-Combine";
			sourceTree = "<group>";
		};
		ACF299772C19939500DCFF27 /* Preview Content */ = {
			isa = PBXGroup;
			children = (
				ACF299782C19939500DCFF27 /* Preview Assets.xcassets */,
			);
			path = "Preview Content";
			sourceTree = "<group>";
		};
		ACF299812C19939500DCFF27 /* SwiftUI-CombineTests */ = {
			isa = PBXGroup;
			children = (
				ACDE45742E6030F800E5E997 /* StateDemoViewTests.swift */,
				ACF299822C19939500DCFF27 /* SwiftUI_CombineTests.swift */,
			);
			path = "SwiftUI-CombineTests";
			sourceTree = "<group>";
		};
		ACF2998B2C19939500DCFF27 /* SwiftUI-CombineUITests */ = {
			isa = PBXGroup;
			children = (
				ACF2998C2C19939500DCFF27 /* SwiftUI_CombineUITests.swift */,
				ACF2998E2C19939500DCFF27 /* SwiftUI_CombineUITestsLaunchTests.swift */,
			);
			path = "SwiftUI-CombineUITests";
			sourceTree = "<group>";
		};
		ACF2999B2C1ABFDE00DCFF27 /* View */ = {
			isa = PBXGroup;
			children = (
				ACDE456F2E6029C800E5E997 /* Annotation */,
				ACF3A29B2E66E809005CA854 /* UI & View Modifier */,
				ACF299732C19939400DCFF27 /* ContentView.swift */,
				ACF2999F2C1AC12C00DCFF27 /* PublisherView.swift */,
			);
			path = View;
			sourceTree = "<group>";
		};
		ACF2999C2C1ABFE400DCFF27 /* App */ = {
			isa = PBXGroup;
			children = (
				ACF299712C19939400DCFF27 /* SwiftUI_CombineApp.swift */,
				ACF3A2942E66A867005CA854 /* AppDelegate.swift */,
			);
			path = App;
			sourceTree = "<group>";
		};
		ACF2999D2C1ABFE800DCFF27 /* Resources */ = {
			isa = PBXGroup;
			children = (
				ACF299752C19939500DCFF27 /* Assets.xcassets */,
			);
			path = Resources;
			sourceTree = "<group>";
		};
		ACF2999E2C1ABFF500DCFF27 /* ViewModel */ = {
			isa = PBXGroup;
			children = (
				ACF299A32C1ACB1100DCFF27 /* PublisherViewModel.swift */,
			);
			path = ViewModel;
			sourceTree = "<group>";
		};
		ACF299A72C1ACB3800DCFF27 /* Protocol */ = {
			isa = PBXGroup;
			children = (
				ACF299A82C1ACB4400DCFF27 /* ViewModel.swift */,
			);
			path = Protocol;
			sourceTree = "<group>";
		};
		ACF3A29B2E66E809005CA854 /* UI & View Modifier */ = {
			isa = PBXGroup;
			children = (
				ACF3A29C2E66E81C005CA854 /* TextDemoView.swift */,
				ACF3A2A02E680C5D005CA854 /* ButtonDemoView.swift */,
				ACF3A2A42E681EDB005CA854 /* EditButtonDemoView.swift */,
				ACF3A2A82E6821DD005CA854 /* DisclosureGroupDemoView.swift */,
			);
			path = "UI & View Modifier";
			sourceTree = "<group>";
		};
/* End PBXGroup section */

/* Begin PBXNativeTarget section */
		ACF2996D2C19939400DCFF27 /* SwiftUI-Combine */ = {
			isa = PBXNativeTarget;
			buildConfigurationList = ACF299922C19939500DCFF27 /* Build configuration list for PBXNativeTarget "SwiftUI-Combine" */;
			buildPhases = (
				ACF2996A2C19939400DCFF27 /* Sources */,
				ACF2996B2C19939400DCFF27 /* Frameworks */,
				ACF2996C2C19939400DCFF27 /* Resources */,
			);
			buildRules = (
			);
			dependencies = (
			);
			name = "SwiftUI-Combine";
			productName = "SwiftUI-Combine";
			productReference = ACF2996E2C19939400DCFF27 /* SwiftUI-Combine.app */;
			productType = "com.apple.product-type.application";
		};
		ACF2997D2C19939500DCFF27 /* SwiftUI-CombineTests */ = {
			isa = PBXNativeTarget;
			buildConfigurationList = ACF299952C19939500DCFF27 /* Build configuration list for PBXNativeTarget "SwiftUI-CombineTests" */;
			buildPhases = (
				ACF2997A2C19939500DCFF27 /* Sources */,
				ACF2997B2C19939500DCFF27 /* Frameworks */,
				ACF2997C2C19939500DCFF27 /* Resources */,
			);
			buildRules = (
			);
			dependencies = (
				ACF299802C19939500DCFF27 /* PBXTargetDependency */,
			);
			name = "SwiftUI-CombineTests";
			productName = "SwiftUI-CombineTests";
			productReference = ACF2997E2C19939500DCFF27 /* SwiftUI-CombineTests.xctest */;
			productType = "com.apple.product-type.bundle.unit-test";
		};
		ACF299872C19939500DCFF27 /* SwiftUI-CombineUITests */ = {
			isa = PBXNativeTarget;
			buildConfigurationList = ACF299982C19939500DCFF27 /* Build configuration list for PBXNativeTarget "SwiftUI-CombineUITests" */;
			buildPhases = (
				ACF299842C19939500DCFF27 /* Sources */,
				ACF299852C19939500DCFF27 /* Frameworks */,
				ACF299862C19939500DCFF27 /* Resources */,
			);
			buildRules = (
			);
			dependencies = (
				ACF2998A2C19939500DCFF27 /* PBXTargetDependency */,
			);
			name = "SwiftUI-CombineUITests";
			productName = "SwiftUI-CombineUITests";
			productReference = ACF299882C19939500DCFF27 /* SwiftUI-CombineUITests.xctest */;
			productType = "com.apple.product-type.bundle.ui-testing";
		};
/* End PBXNativeTarget section */

/* Begin PBXProject section */
		ACF299662C19939400DCFF27 /* Project object */ = {
			isa = PBXProject;
			attributes = {
				BuildIndependentTargetsInParallel = 1;
				LastSwiftUpdateCheck = 1540;
				LastUpgradeCheck = 1540;
				TargetAttributes = {
					ACF2996D2C19939400DCFF27 = {
						CreatedOnToolsVersion = 15.4;
					};
					ACF2997D2C19939500DCFF27 = {
						CreatedOnToolsVersion = 15.4;
						TestTargetID = ACF2996D2C19939400DCFF27;
					};
					ACF299872C19939500DCFF27 = {
						CreatedOnToolsVersion = 15.4;
						TestTargetID = ACF2996D2C19939400DCFF27;
					};
				};
			};
			buildConfigurationList = ACF299692C19939400DCFF27 /* Build configuration list for PBXProject "SwiftUI-Combine" */;
			compatibilityVersion = "Xcode 14.0";
			developmentRegion = en;
			hasScannedForEncodings = 0;
			knownRegions = (
				en,
				Base,
			);
			mainGroup = ACF299652C19939400DCFF27;
			packageReferences = (
				ACDE45762E60321C00E5E997 /* XCRemoteSwiftPackageReference "ViewInspector" */,
			);
			productRefGroup = ACF2996F2C19939400DCFF27 /* Products */;
			projectDirPath = "";
			projectRoot = "";
			targets = (
				ACF2996D2C19939400DCFF27 /* SwiftUI-Combine */,
				ACF2997D2C19939500DCFF27 /* SwiftUI-CombineTests */,
				ACF299872C19939500DCFF27 /* SwiftUI-CombineUITests */,
			);
		};
/* End PBXProject section */

/* Begin PBXResourcesBuildPhase section */
		ACF2996C2C19939400DCFF27 /* Resources */ = {
			isa = PBXResourcesBuildPhase;
			buildActionMask = 2147483647;
			files = (
				ACF299792C19939500DCFF27 /* Preview Assets.xcassets in Resources */,
				ACF3A2982E66B8E4005CA854 /* CLAUDE.md in Resources */,
				ACF3A2992E66B8E4005CA854 /* README.md in Resources */,
				ACF299762C19939500DCFF27 /* Assets.xcassets in Resources */,
			);
			runOnlyForDeploymentPostprocessing = 0;
		};
		ACF2997C2C19939500DCFF27 /* Resources */ = {
			isa = PBXResourcesBuildPhase;
			buildActionMask = 2147483647;
			files = (
			);
			runOnlyForDeploymentPostprocessing = 0;
		};
		ACF299862C19939500DCFF27 /* Resources */ = {
			isa = PBXResourcesBuildPhase;
			buildActionMask = 2147483647;
			files = (
			);
			runOnlyForDeploymentPostprocessing = 0;
		};
/* End PBXResourcesBuildPhase section */

/* Begin PBXSourcesBuildPhase section */
		ACF2996A2C19939400DCFF27 /* Sources */ = {
			isa = PBXSourcesBuildPhase;
			buildActionMask = 2147483647;
			files = (
				ACF3A2952E66A867005CA854 /* AppDelegate.swift in Sources */,
				ACF3A2912E668EA6005CA854 /* SwiftDataView.swift in Sources */,
				AC33C6C02E61762500CBCBA4 /* ObservedObjectDemoView.swift in Sources */,
				ACF299A92C1ACB4400DCFF27 /* ViewModel.swift in Sources */,
				ACF299742C19939400DCFF27 /* ContentView.swift in Sources */,
				ACF3A2A12E680C5D005CA854 /* ButtonDemoView.swift in Sources */,
				ACF299A42C1ACB1100DCFF27 /* PublisherViewModel.swift in Sources */,
				ACF3A2532E652777005CA854 /* StateObjectDemoView.swift in Sources */,
				ACF3A2702E658E01005CA854 /* ScaledMetricDemoView.swift in Sources */,
				ACF299722C19939400DCFF27 /* SwiftUI_CombineApp.swift in Sources */,
				ACF3A2842E6674C0005CA854 /* ViewBuilderDemoView.swift in Sources */,
				ACF299A02C1AC12C00DCFF27 /* PublisherView.swift in Sources */,
				ACF3A26C2E658897005CA854 /* FocusStateDemoView.swift in Sources */,
				ACF3A2672E65796E005CA854 /* GestureStateDemoView.swift in Sources */,
				ACF3A27B2E666DB5005CA854 /* ObservableDemoView.swift in Sources */,
				ACF3A2582E653051005CA854 /* EnvironmentObjectDemoRoot.swift in Sources */,
				ACDE45722E6029D400E5E997 /* StateDemoView.swift in Sources */,
				ACF3A2602E656BCF005CA854 /* AppStorageDemoView.swift in Sources */,
				ACF3A2A52E681EDB005CA854 /* EditButtonDemoView.swift in Sources */,
				ACF3A2812E667126005CA854 /* BindableDemoView.swift in Sources */,
				ACF3A25B2E655688005CA854 /* EnvironmentValueDemoView.swift in Sources */,
				ACF3A29D2E66E81C005CA854 /* TextDemoView.swift in Sources */,
				ACF3A2652E657238005CA854 /* SceneStorageDemoView.swift in Sources */,
				AC33C6BD2E6171ED00CBCBA4 /* BindingDemoView.swift in Sources */,
				ACF3A2782E65930A005CA854 /* MainActorDemoView.swift in Sources */,
				ACF3A2742E65907B005CA854 /* NamespaceDemoView.swift in Sources */,
				ACF3A2A92E6821DD005CA854 /* DisclosureGroupDemoView.swift in Sources */,
				ACF3A2892E667E79005CA854 /* ToolbarBuilderDemoView.swift in Sources */,
			);
			runOnlyForDeploymentPostprocessing = 0;
		};
		ACF2997A2C19939500DCFF27 /* Sources */ = {
			isa = PBXSourcesBuildPhase;
			buildActionMask = 2147483647;
			files = (
				ACF3A2AA2E6821DD005CA854 /* DisclosureGroupDemoView.swift in Sources */,
				ACF3A28F2E668EA6005CA854 /* SwiftDataView.swift in Sources */,
				AC33C6C22E61762500CBCBA4 /* ObservedObjectDemoView.swift in Sources */,
				ACF3A29E2E66E81C005CA854 /* TextDemoView.swift in Sources */,
				ACF299832C19939500DCFF27 /* SwiftUI_CombineTests.swift in Sources */,
				ACDE45712E6029D400E5E997 /* StateDemoView.swift in Sources */,
				ACF299A12C1AC12C00DCFF27 /* PublisherView.swift in Sources */,
				ACF3A2552E652777005CA854 /* StateObjectDemoView.swift in Sources */,
				ACF3A26F2E658E01005CA854 /* ScaledMetricDemoView.swift in Sources */,
				ACF299AA2C1ACB4400DCFF27 /* ViewModel.swift in Sources */,
				ACF3A2832E6674C0005CA854 /* ViewBuilderDemoView.swift in Sources */,
				ACF299A52C1ACB1100DCFF27 /* PublisherViewModel.swift in Sources */,
				ACF3A26B2E658897005CA854 /* FocusStateDemoView.swift in Sources */,
				ACF3A2682E65796E005CA854 /* GestureStateDemoView.swift in Sources */,
				ACF3A27C2E666DB5005CA854 /* ObservableDemoView.swift in Sources */,
				ACF3A2572E653051005CA854 /* EnvironmentObjectDemoRoot.swift in Sources */,
				ACDE45752E6030F800E5E997 /* StateDemoViewTests.swift in Sources */,
				ACF3A25F2E656BCF005CA854 /* AppStorageDemoView.swift in Sources */,
				ACF3A2A62E681EDB005CA854 /* EditButtonDemoView.swift in Sources */,
				ACF3A2802E667126005CA854 /* BindableDemoView.swift in Sources */,
				ACF3A2A32E680C5D005CA854 /* ButtonDemoView.swift in Sources */,
				ACF3A25D2E655688005CA854 /* EnvironmentValueDemoView.swift in Sources */,
				ACF3A2632E657238005CA854 /* SceneStorageDemoView.swift in Sources */,
				AC33C6BE2E6171ED00CBCBA4 /* BindingDemoView.swift in Sources */,
				ACF3A2792E65930A005CA854 /* MainActorDemoView.swift in Sources */,
				ACF3A2732E65907B005CA854 /* NamespaceDemoView.swift in Sources */,
				ACF3A2882E667E79005CA854 /* ToolbarBuilderDemoView.swift in Sources */,
			);
			runOnlyForDeploymentPostprocessing = 0;
		};
		ACF299842C19939500DCFF27 /* Sources */ = {
			isa = PBXSourcesBuildPhase;
			buildActionMask = 2147483647;
			files = (
				ACF3A2AB2E6821DD005CA854 /* DisclosureGroupDemoView.swift in Sources */,
				ACF3A2902E668EA6005CA854 /* SwiftDataView.swift in Sources */,
				AC33C6C12E61762500CBCBA4 /* ObservedObjectDemoView.swift in Sources */,
				ACF3A29F2E66E81C005CA854 /* TextDemoView.swift in Sources */,
				ACF299AB2C1ACB4400DCFF27 /* ViewModel.swift in Sources */,
				ACF2998F2C19939500DCFF27 /* SwiftUI_CombineUITestsLaunchTests.swift in Sources */,
				ACF299A62C1ACB1100DCFF27 /* PublisherViewModel.swift in Sources */,
				ACF3A2542E652777005CA854 /* StateObjectDemoView.swift in Sources */,
				ACF3A2712E658E01005CA854 /* ScaledMetricDemoView.swift in Sources */,
				ACF2998D2C19939500DCFF27 /* SwiftUI_CombineUITests.swift in Sources */,
				ACF3A2852E6674C0005CA854 /* ViewBuilderDemoView.swift in Sources */,
				ACF299A22C1AC12C00DCFF27 /* PublisherView.swift in Sources */,
				ACF3A26D2E658897005CA854 /* FocusStateDemoView.swift in Sources */,
				ACF3A2692E65796E005CA854 /* GestureStateDemoView.swift in Sources */,
				ACF3A27D2E666DB5005CA854 /* ObservableDemoView.swift in Sources */,
				ACF3A2592E653051005CA854 /* EnvironmentObjectDemoRoot.swift in Sources */,
				ACDE45732E6029D400E5E997 /* StateDemoView.swift in Sources */,
				ACF3A2612E656BCF005CA854 /* AppStorageDemoView.swift in Sources */,
				ACF3A2A72E681EDB005CA854 /* EditButtonDemoView.swift in Sources */,
				ACF3A27F2E667126005CA854 /* BindableDemoView.swift in Sources */,
				ACF3A2A22E680C5D005CA854 /* ButtonDemoView.swift in Sources */,
				ACF3A25C2E655688005CA854 /* EnvironmentValueDemoView.swift in Sources */,
				ACF3A2642E657238005CA854 /* SceneStorageDemoView.swift in Sources */,
				AC33C6BC2E6171ED00CBCBA4 /* BindingDemoView.swift in Sources */,
				ACF3A2772E65930A005CA854 /* MainActorDemoView.swift in Sources */,
				ACF3A2752E65907B005CA854 /* NamespaceDemoView.swift in Sources */,
				ACF3A2872E667E79005CA854 /* ToolbarBuilderDemoView.swift in Sources */,
			);
			runOnlyForDeploymentPostprocessing = 0;
		};
/* End PBXSourcesBuildPhase section */

/* Begin PBXTargetDependency section */
		ACF299802C19939500DCFF27 /* PBXTargetDependency */ = {
			isa = PBXTargetDependency;
			target = ACF2996D2C19939400DCFF27 /* SwiftUI-Combine */;
			targetProxy = ACF2997F2C19939500DCFF27 /* PBXContainerItemProxy */;
		};
		ACF2998A2C19939500DCFF27 /* PBXTargetDependency */ = {
			isa = PBXTargetDependency;
			target = ACF2996D2C19939400DCFF27 /* SwiftUI-Combine */;
			targetProxy = ACF299892C19939500DCFF27 /* PBXContainerItemProxy */;
		};
/* End PBXTargetDependency section */

/* Begin XCBuildConfiguration section */
		ACF299902C19939500DCFF27 /* Debug */ = {
			isa = XCBuildConfiguration;
			buildSettings = {
				ALWAYS_SEARCH_USER_PATHS = NO;
				ASSETCATALOG_COMPILER_GENERATE_SWIFT_ASSET_SYMBOL_EXTENSIONS = YES;
				CLANG_ANALYZER_NONNULL = YES;
				CLANG_ANALYZER_NUMBER_OBJECT_CONVERSION = YES_AGGRESSIVE;
				CLANG_CXX_LANGUAGE_STANDARD = "gnu++20";
				CLANG_ENABLE_MODULES = YES;
				CLANG_ENABLE_OBJC_ARC = YES;
				CLANG_ENABLE_OBJC_WEAK = YES;
				CLANG_WARN_BLOCK_CAPTURE_AUTORELEASING = YES;
				CLANG_WARN_BOOL_CONVERSION = YES;
				CLANG_WARN_COMMA = YES;
				CLANG_WARN_CONSTANT_CONVERSION = YES;
				CLANG_WARN_DEPRECATED_OBJC_IMPLEMENTATIONS = YES;
				CLANG_WARN_DIRECT_OBJC_ISA_USAGE = YES_ERROR;
				CLANG_WARN_DOCUMENTATION_COMMENTS = YES;
				CLANG_WARN_EMPTY_BODY = YES;
				CLANG_WARN_ENUM_CONVERSION = YES;
				CLANG_WARN_INFINITE_RECURSION = YES;
				CLANG_WARN_INT_CONVERSION = YES;
				CLANG_WARN_NON_LITERAL_NULL_CONVERSION = YES;
				CLANG_WARN_OBJC_IMPLICIT_RETAIN_SELF = YES;
				CLANG_WARN_OBJC_LITERAL_CONVERSION = YES;
				CLANG_WARN_OBJC_ROOT_CLASS = YES_ERROR;
				CLANG_WARN_QUOTED_INCLUDE_IN_FRAMEWORK_HEADER = YES;
				CLANG_WARN_RANGE_LOOP_ANALYSIS = YES;
				CLANG_WARN_STRICT_PROTOTYPES = YES;
				CLANG_WARN_SUSPICIOUS_MOVE = YES;
				CLANG_WARN_UNGUARDED_AVAILABILITY = YES_AGGRESSIVE;
				CLANG_WARN_UNREACHABLE_CODE = YES;
				CLANG_WARN__DUPLICATE_METHOD_MATCH = YES;
				COPY_PHASE_STRIP = NO;
				DEBUG_INFORMATION_FORMAT = dwarf;
				ENABLE_STRICT_OBJC_MSGSEND = YES;
				ENABLE_TESTABILITY = YES;
				ENABLE_USER_SCRIPT_SANDBOXING = YES;
				GCC_C_LANGUAGE_STANDARD = gnu17;
				GCC_DYNAMIC_NO_PIC = NO;
				GCC_NO_COMMON_BLOCKS = YES;
				GCC_OPTIMIZATION_LEVEL = 0;
				GCC_PREPROCESSOR_DEFINITIONS = (
					"DEBUG=1",
					"$(inherited)",
				);
				GCC_WARN_64_TO_32_BIT_CONVERSION = YES;
				GCC_WARN_ABOUT_RETURN_TYPE = YES_ERROR;
				GCC_WARN_UNDECLARED_SELECTOR = YES;
				GCC_WARN_UNINITIALIZED_AUTOS = YES_AGGRESSIVE;
				GCC_WARN_UNUSED_FUNCTION = YES;
				GCC_WARN_UNUSED_VARIABLE = YES;
				IPHONEOS_DEPLOYMENT_TARGET = 17.5;
				LOCALIZATION_PREFERS_STRING_CATALOGS = YES;
				MTL_ENABLE_DEBUG_INFO = INCLUDE_SOURCE;
				MTL_FAST_MATH = YES;
				ONLY_ACTIVE_ARCH = YES;
				SDKROOT = iphoneos;
				SWIFT_ACTIVE_COMPILATION_CONDITIONS = "DEBUG $(inherited)";
				SWIFT_OPTIMIZATION_LEVEL = "-Onone";
			};
			name = Debug;
		};
		ACF299912C19939500DCFF27 /* Release */ = {
			isa = XCBuildConfiguration;
			buildSettings = {
				ALWAYS_SEARCH_USER_PATHS = NO;
				ASSETCATALOG_COMPILER_GENERATE_SWIFT_ASSET_SYMBOL_EXTENSIONS = YES;
				CLANG_ANALYZER_NONNULL = YES;
				CLANG_ANALYZER_NUMBER_OBJECT_CONVERSION = YES_AGGRESSIVE;
				CLANG_CXX_LANGUAGE_STANDARD = "gnu++20";
				CLANG_ENABLE_MODULES = YES;
				CLANG_ENABLE_OBJC_ARC = YES;
				CLANG_ENABLE_OBJC_WEAK = YES;
				CLANG_WARN_BLOCK_CAPTURE_AUTORELEASING = YES;
				CLANG_WARN_BOOL_CONVERSION = YES;
				CLANG_WARN_COMMA = YES;
				CLANG_WARN_CONSTANT_CONVERSION = YES;
				CLANG_WARN_DEPRECATED_OBJC_IMPLEMENTATIONS = YES;
				CLANG_WARN_DIRECT_OBJC_ISA_USAGE = YES_ERROR;
				CLANG_WARN_DOCUMENTATION_COMMENTS = YES;
				CLANG_WARN_EMPTY_BODY = YES;
				CLANG_WARN_ENUM_CONVERSION = YES;
				CLANG_WARN_INFINITE_RECURSION = YES;
				CLANG_WARN_INT_CONVERSION = YES;
				CLANG_WARN_NON_LITERAL_NULL_CONVERSION = YES;
				CLANG_WARN_OBJC_IMPLICIT_RETAIN_SELF = YES;
				CLANG_WARN_OBJC_LITERAL_CONVERSION = YES;
				CLANG_WARN_OBJC_ROOT_CLASS = YES_ERROR;
				CLANG_WARN_QUOTED_INCLUDE_IN_FRAMEWORK_HEADER = YES;
				CLANG_WARN_RANGE_LOOP_ANALYSIS = YES;
				CLANG_WARN_STRICT_PROTOTYPES = YES;
				CLANG_WARN_SUSPICIOUS_MOVE = YES;
				CLANG_WARN_UNGUARDED_AVAILABILITY = YES_AGGRESSIVE;
				CLANG_WARN_UNREACHABLE_CODE = YES;
				CLANG_WARN__DUPLICATE_METHOD_MATCH = YES;
				COPY_PHASE_STRIP = NO;
				DEBUG_INFORMATION_FORMAT = "dwarf-with-dsym";
				ENABLE_NS_ASSERTIONS = NO;
				ENABLE_STRICT_OBJC_MSGSEND = YES;
				ENABLE_USER_SCRIPT_SANDBOXING = YES;
				GCC_C_LANGUAGE_STANDARD = gnu17;
				GCC_NO_COMMON_BLOCKS = YES;
				GCC_WARN_64_TO_32_BIT_CONVERSION = YES;
				GCC_WARN_ABOUT_RETURN_TYPE = YES_ERROR;
				GCC_WARN_UNDECLARED_SELECTOR = YES;
				GCC_WARN_UNINITIALIZED_AUTOS = YES_AGGRESSIVE;
				GCC_WARN_UNUSED_FUNCTION = YES;
				GCC_WARN_UNUSED_VARIABLE = YES;
				IPHONEOS_DEPLOYMENT_TARGET = 17.5;
				LOCALIZATION_PREFERS_STRING_CATALOGS = YES;
				MTL_ENABLE_DEBUG_INFO = NO;
				MTL_FAST_MATH = YES;
				SDKROOT = iphoneos;
				SWIFT_COMPILATION_MODE = wholemodule;
				VALIDATE_PRODUCT = YES;
			};
			name = Release;
		};
		ACF299932C19939500DCFF27 /* Debug */ = {
			isa = XCBuildConfiguration;
			buildSettings = {
				ASSETCATALOG_COMPILER_APPICON_NAME = AppIcon;
				ASSETCATALOG_COMPILER_GLOBAL_ACCENT_COLOR_NAME = AccentColor;
				CODE_SIGN_STYLE = Automatic;
				CURRENT_PROJECT_VERSION = 1;
				DEVELOPMENT_ASSET_PATHS = "\"SwiftUI-Combine/Preview Content\"";
				DEVELOPMENT_TEAM = DC8GM39E89;
				ENABLE_PREVIEWS = YES;
				GENERATE_INFOPLIST_FILE = YES;
				INFOPLIST_KEY_UIApplicationSceneManifest_Generation = YES;
				INFOPLIST_KEY_UIApplicationSupportsIndirectInputEvents = YES;
				INFOPLIST_KEY_UILaunchScreen_Generation = YES;
				INFOPLIST_KEY_UISupportedInterfaceOrientations_iPad = "UIInterfaceOrientationPortrait UIInterfaceOrientationPortraitUpsideDown UIInterfaceOrientationLandscapeLeft UIInterfaceOrientationLandscapeRight";
				INFOPLIST_KEY_UISupportedInterfaceOrientations_iPhone = "UIInterfaceOrientationPortrait UIInterfaceOrientationLandscapeLeft UIInterfaceOrientationLandscapeRight";
				LD_RUNPATH_SEARCH_PATHS = (
					"$(inherited)",
					"@executable_path/Frameworks",
				);
				MARKETING_VERSION = 1.0;
				PRODUCT_BUNDLE_IDENTIFIER = "com.incross.SwiftUI-Combine";
				PRODUCT_NAME = "$(TARGET_NAME)";
				SWIFT_EMIT_LOC_STRINGS = YES;
				SWIFT_VERSION = 5.0;
				TARGETED_DEVICE_FAMILY = "1,2";
			};
			name = Debug;
		};
		ACF299942C19939500DCFF27 /* Release */ = {
			isa = XCBuildConfiguration;
			buildSettings = {
				ASSETCATALOG_COMPILER_APPICON_NAME = AppIcon;
				ASSETCATALOG_COMPILER_GLOBAL_ACCENT_COLOR_NAME = AccentColor;
				CODE_SIGN_STYLE = Automatic;
				CURRENT_PROJECT_VERSION = 1;
				DEVELOPMENT_ASSET_PATHS = "\"SwiftUI-Combine/Preview Content\"";
				DEVELOPMENT_TEAM = DC8GM39E89;
				ENABLE_PREVIEWS = YES;
				GENERATE_INFOPLIST_FILE = YES;
				INFOPLIST_KEY_UIApplicationSceneManifest_Generation = YES;
				INFOPLIST_KEY_UIApplicationSupportsIndirectInputEvents = YES;
				INFOPLIST_KEY_UILaunchScreen_Generation = YES;
				INFOPLIST_KEY_UISupportedInterfaceOrientations_iPad = "UIInterfaceOrientationPortrait UIInterfaceOrientationPortraitUpsideDown UIInterfaceOrientationLandscapeLeft UIInterfaceOrientationLandscapeRight";
				INFOPLIST_KEY_UISupportedInterfaceOrientations_iPhone = "UIInterfaceOrientationPortrait UIInterfaceOrientationLandscapeLeft UIInterfaceOrientationLandscapeRight";
				LD_RUNPATH_SEARCH_PATHS = (
					"$(inherited)",
					"@executable_path/Frameworks",
				);
				MARKETING_VERSION = 1.0;
				PRODUCT_BUNDLE_IDENTIFIER = "com.incross.SwiftUI-Combine";
				PRODUCT_NAME = "$(TARGET_NAME)";
				SWIFT_EMIT_LOC_STRINGS = YES;
				SWIFT_VERSION = 5.0;
				TARGETED_DEVICE_FAMILY = "1,2";
			};
			name = Release;
		};
		ACF299962C19939500DCFF27 /* Debug */ = {
			isa = XCBuildConfiguration;
			buildSettings = {
				ALWAYS_EMBED_SWIFT_STANDARD_LIBRARIES = YES;
				BUNDLE_LOADER = "$(TEST_HOST)";
				CODE_SIGN_STYLE = Automatic;
				CURRENT_PROJECT_VERSION = 1;
				DEVELOPMENT_TEAM = DC8GM39E89;
				GENERATE_INFOPLIST_FILE = YES;
				IPHONEOS_DEPLOYMENT_TARGET = 17.5;
				MARKETING_VERSION = 1.0;
				PRODUCT_BUNDLE_IDENTIFIER = "com.incross.SwiftUI-CombineTests";
				PRODUCT_NAME = "$(TARGET_NAME)";
				SWIFT_EMIT_LOC_STRINGS = NO;
				SWIFT_VERSION = 5.0;
				TARGETED_DEVICE_FAMILY = "1,2";
				TEST_HOST = "$(BUILT_PRODUCTS_DIR)/SwiftUI-Combine.app/$(BUNDLE_EXECUTABLE_FOLDER_PATH)/SwiftUI-Combine";
			};
			name = Debug;
		};
		ACF299972C19939500DCFF27 /* Release */ = {
			isa = XCBuildConfiguration;
			buildSettings = {
				ALWAYS_EMBED_SWIFT_STANDARD_LIBRARIES = YES;
				BUNDLE_LOADER = "$(TEST_HOST)";
				CODE_SIGN_STYLE = Automatic;
				CURRENT_PROJECT_VERSION = 1;
				DEVELOPMENT_TEAM = DC8GM39E89;
				GENERATE_INFOPLIST_FILE = YES;
				IPHONEOS_DEPLOYMENT_TARGET = 17.5;
				MARKETING_VERSION = 1.0;
				PRODUCT_BUNDLE_IDENTIFIER = "com.incross.SwiftUI-CombineTests";
				PRODUCT_NAME = "$(TARGET_NAME)";
				SWIFT_EMIT_LOC_STRINGS = NO;
				SWIFT_VERSION = 5.0;
				TARGETED_DEVICE_FAMILY = "1,2";
				TEST_HOST = "$(BUILT_PRODUCTS_DIR)/SwiftUI-Combine.app/$(BUNDLE_EXECUTABLE_FOLDER_PATH)/SwiftUI-Combine";
			};
			name = Release;
		};
		ACF299992C19939500DCFF27 /* Debug */ = {
			isa = XCBuildConfiguration;
			buildSettings = {
				ALWAYS_EMBED_SWIFT_STANDARD_LIBRARIES = YES;
				CODE_SIGN_STYLE = Automatic;
				CURRENT_PROJECT_VERSION = 1;
				DEVELOPMENT_TEAM = DC8GM39E89;
				GENERATE_INFOPLIST_FILE = YES;
				MARKETING_VERSION = 1.0;
				PRODUCT_BUNDLE_IDENTIFIER = "com.incross.SwiftUI-CombineUITests";
				PRODUCT_NAME = "$(TARGET_NAME)";
				SWIFT_EMIT_LOC_STRINGS = NO;
				SWIFT_VERSION = 5.0;
				TARGETED_DEVICE_FAMILY = "1,2";
				TEST_TARGET_NAME = "SwiftUI-Combine";
			};
			name = Debug;
		};
		ACF2999A2C19939500DCFF27 /* Release */ = {
			isa = XCBuildConfiguration;
			buildSettings = {
				ALWAYS_EMBED_SWIFT_STANDARD_LIBRARIES = YES;
				CODE_SIGN_STYLE = Automatic;
				CURRENT_PROJECT_VERSION = 1;
				DEVELOPMENT_TEAM = DC8GM39E89;
				GENERATE_INFOPLIST_FILE = YES;
				MARKETING_VERSION = 1.0;
				PRODUCT_BUNDLE_IDENTIFIER = "com.incross.SwiftUI-CombineUITests";
				PRODUCT_NAME = "$(TARGET_NAME)";
				SWIFT_EMIT_LOC_STRINGS = NO;
				SWIFT_VERSION = 5.0;
				TARGETED_DEVICE_FAMILY = "1,2";
				TEST_TARGET_NAME = "SwiftUI-Combine";
			};
			name = Release;
		};
/* End XCBuildConfiguration section */

/* Begin XCConfigurationList section */
		ACF299692C19939400DCFF27 /* Build configuration list for PBXProject "SwiftUI-Combine" */ = {
			isa = XCConfigurationList;
			buildConfigurations = (
				ACF299902C19939500DCFF27 /* Debug */,
				ACF299912C19939500DCFF27 /* Release */,
			);
			defaultConfigurationIsVisible = 0;
			defaultConfigurationName = Release;
		};
		ACF299922C19939500DCFF27 /* Build configuration list for PBXNativeTarget "SwiftUI-Combine" */ = {
			isa = XCConfigurationList;
			buildConfigurations = (
				ACF299932C19939500DCFF27 /* Debug */,
				ACF299942C19939500DCFF27 /* Release */,
			);
			defaultConfigurationIsVisible = 0;
			defaultConfigurationName = Release;
		};
		ACF299952C19939500DCFF27 /* Build configuration list for PBXNativeTarget "SwiftUI-CombineTests" */ = {
			isa = XCConfigurationList;
			buildConfigurations = (
				ACF299962C19939500DCFF27 /* Debug */,
				ACF299972C19939500DCFF27 /* Release */,
			);
			defaultConfigurationIsVisible = 0;
			defaultConfigurationName = Release;
		};
		ACF299982C19939500DCFF27 /* Build configuration list for PBXNativeTarget "SwiftUI-CombineUITests" */ = {
			isa = XCConfigurationList;
			buildConfigurations = (
				ACF299992C19939500DCFF27 /* Debug */,
				ACF2999A2C19939500DCFF27 /* Release */,
			);
			defaultConfigurationIsVisible = 0;
			defaultConfigurationName = Release;
		};
/* End XCConfigurationList section */

/* Begin XCRemoteSwiftPackageReference section */
		ACDE45762E60321C00E5E997 /* XCRemoteSwiftPackageReference "ViewInspector" */ = {
			isa = XCRemoteSwiftPackageReference;
			repositoryURL = "https://github.com/nalexn/ViewInspector";
			requirement = {
				kind = upToNextMajorVersion;
				minimumVersion = 0.10.2;
			};
		};
/* End XCRemoteSwiftPackageReference section */

/* Begin XCSwiftPackageProductDependency section */
		ACDE45772E60321C00E5E997 /* ViewInspector */ = {
			isa = XCSwiftPackageProductDependency;
			package = ACDE45762E60321C00E5E997 /* XCRemoteSwiftPackageReference "ViewInspector" */;
			productName = ViewInspector;
		};
/* End XCSwiftPackageProductDependency section */
	};
	rootObject = ACF299662C19939400DCFF27 /* Project object */;
}
